
Microsoft Visual Studio Solution File, Format Version 12.00
# Visual Studio 15
VisualStudioVersion = 15.0.28307.168
MinimumVisualStudioVersion = 10.0.40219.1
Project("{FAE04EC0-301F-11D3-BF4B-00C04F79EFBC}") = "Publisher", "Publisher.csproj", "{07CEB387-A99B-462B-ABFB-10A5C8B2154A}"
EndProject
Project("{FAE04EC0-301F-11D3-BF4B-00C04F79EFBC}") = "Consumer", "..\Consumer\Consumer.csproj", "{3FFA148C-2C53-40CB-B4AB-CDBCC95619F4}"
EndProject
Project("{2150E333-8FDC-42A3-9474-1A3956D46DE8}") = "Helpers", "Helpers", "{DF06D382-BCDF-4F2A-B916-52AF43743338}"
EndProject
Project("{FAE04EC0-301F-11D3-BF4B-00C04F79EFBC}") = "Helpers", "Helpers\Helpers.csproj", "{4A9BAAB2-434C-4044-8DF9-5438BEB5D8E1}"
EndProject
Global
	GlobalSection(SolutionConfigurationPlatforms) = preSolution
		Debug|Any CPU = Debug|Any CPU
		Release|Any CPU = Release|Any CPU
	EndGlobalSection
	GlobalSection(ProjectConfigurationPlatforms) = postSolution
		{07CEB387-A99B-462B-ABFB-10A5C8B2154A}.Debug|Any CPU.ActiveCfg = Debug|Any CPU
		{07CEB387-A99B-462B-ABFB-10A5C8B2154A}.Debug|Any CPU.Build.0 = Debug|Any CPU
		{07CEB387-A99B-462B-ABFB-10A5C8B2154A}.Release|Any CPU.ActiveCfg = Release|Any CPU
		{07CEB387-A99B-462B-ABFB-10A5C8B2154A}.Release|Any CPU.Build.0 = Release|Any CPU
		{3FFA148C-2C53-40CB-B4AB-CDBCC95619F4}.Debug|Any CPU.ActiveCfg = Debug|Any CPU
		{3FFA148C-2C53-40CB-B4AB-CDBCC95619F4}.Debug|Any CPU.Build.0 = Debug|Any CPU
		{3FFA148C-2C53-40CB-B4AB-CDBCC95619F4}.Release|Any CPU.ActiveCfg = Release|Any CPU
		{3FFA148C-2C53-40CB-B4AB-CDBCC95619F4}.Release|Any CPU.Build.0 = Release|Any CPU
		{4A9BAAB2-434C-4044-8DF9-5438BEB5D8E1}.Debug|Any CPU.ActiveCfg = Debug|Any CPU
		{4A9BAAB2-434C-4044-8DF9-5438BEB5D8E1}.Debug|Any CPU.Build.0 = Debug|Any CPU
		{4A9BAAB2-434C-4044-8DF9-5438BEB5D8E1}.Release|Any CPU.ActiveCfg = Release|Any CPU
		{4A9BAAB2-434C-4044-8DF9-5438BEB5D8E1}.Release|Any CPU.Build.0 = Release|Any CPU
	EndGlobalSection
	GlobalSection(SolutionProperties) = preSolution
		HideSolutionNode = FALSE
	EndGlobalSection
	GlobalSection(NestedProjects) = preSolution
		{4A9BAAB2-434C-4044-8DF9-5438BEB5D8E1} = {DF06D382-BCDF-4F2A-B916-52AF43743338}
	EndGlobalSection
	GlobalSection(ExtensibilityGlobals) = postSolution
		SolutionGuid = {9229F2F0-666E-40CB-A0F2-37ED6277D6CE}
	EndGlobalSection
EndGlobal
